
Microsoft Visual Studio Solution File, Format Version 12.00
# Visual Studio Version 17
VisualStudioVersion = 17.12.35707.178 d17.12
MinimumVisualStudioVersion = 10.0.40219.1
Project("{FAE04EC0-301F-11D3-BF4B-00C04F79EFBC}") = "Entities", "Entities\Entities.csproj", "{004C53C4-BDAC-46C7-90D3-354B68E98B04}"
EndProject
Project("{FAE04EC0-301F-11D3-BF4B-00C04F79EFBC}") = "DAL", "DAL\DAL.csproj", "{B0A15681-00A4-4D23-A6A9-1AF14EA6D811}"
EndProject
Project("{FAE04EC0-301F-11D3-BF4B-00C04F79EFBC}") = "BackEnd", "BackEnd\BackEnd.csproj", "{F4651412-BB3F-4860-BC94-885A2FB5E0E8}"
EndProject
Project("{FAE04EC0-301F-11D3-BF4B-00C04F79EFBC}") = "FrontEnd", "FrontEnd\FrontEnd.csproj", "{992566F6-35ED-4DB6-9958-C6DCEBB05032}"
EndProject
Global
	GlobalSection(SolutionConfigurationPlatforms) = preSolution
		Debug|Any CPU = Debug|Any CPU
		Release|Any CPU = Release|Any CPU
	EndGlobalSection
	GlobalSection(ProjectConfigurationPlatforms) = postSolution
		{004C53C4-BDAC-46C7-90D3-354B68E98B04}.Debug|Any CPU.ActiveCfg = Debug|Any CPU
		{004C53C4-BDAC-46C7-90D3-354B68E98B04}.Debug|Any CPU.Build.0 = Debug|Any CPU
		{004C53C4-BDAC-46C7-90D3-354B68E98B04}.Release|Any CPU.ActiveCfg = Release|Any CPU
		{004C53C4-BDAC-46C7-90D3-354B68E98B04}.Release|Any CPU.Build.0 = Release|Any CPU
		{B0A15681-00A4-4D23-A6A9-1AF14EA6D811}.Debug|Any CPU.ActiveCfg = Debug|Any CPU
		{B0A15681-00A4-4D23-A6A9-1AF14EA6D811}.Debug|Any CPU.Build.0 = Debug|Any CPU
		{B0A15681-00A4-4D23-A6A9-1AF14EA6D811}.Release|Any CPU.ActiveCfg = Release|Any CPU
		{B0A15681-00A4-4D23-A6A9-1AF14EA6D811}.Release|Any CPU.Build.0 = Release|Any CPU
		{F4651412-BB3F-4860-BC94-885A2FB5E0E8}.Debug|Any CPU.ActiveCfg = Debug|Any CPU
		{F4651412-BB3F-4860-BC94-885A2FB5E0E8}.Debug|Any CPU.Build.0 = Debug|Any CPU
		{F4651412-BB3F-4860-BC94-885A2FB5E0E8}.Release|Any CPU.ActiveCfg = Release|Any CPU
		{F4651412-BB3F-4860-BC94-885A2FB5E0E8}.Release|Any CPU.Build.0 = Release|Any CPU
		{992566F6-35ED-4DB6-9958-C6DCEBB05032}.Debug|Any CPU.ActiveCfg = Debug|Any CPU
		{992566F6-35ED-4DB6-9958-C6DCEBB05032}.Debug|Any CPU.Build.0 = Debug|Any CPU
		{992566F6-35ED-4DB6-9958-C6DCEBB05032}.Release|Any CPU.ActiveCfg = Release|Any CPU
		{992566F6-35ED-4DB6-9958-C6DCEBB05032}.Release|Any CPU.Build.0 = Release|Any CPU
	EndGlobalSection
	GlobalSection(SolutionProperties) = preSolution
		HideSolutionNode = FALSE
	EndGlobalSection
EndGlobal
